Microsoft Visual Studio Solution File, Format Version 12.00
# Visual Studio Version 17
VisualStudioVersion = 17.13.35825.156
MinimumVisualStudioVersion = 10.0.40219.1
Project("{FAE04EC0-301F-11D3-BF4B-00C04F79EFBC}") = "SendVideo", "SendVideo\SendVideo.csproj", "{47CC5D39-9CDB-457D-B984-999708F33EB6}"
EndProject
Project("{FAE04EC0-301F-11D3-BF4B-00C04F79EFBC}") = "DownloadVideoOverTcpLib", "DownloadVideoOverTCPLib\DownloadVideoOverTcpLib.csproj", "{CAC8538C-EAC7-45B5-A24B-6661EC390249}"
EndProject
Project("{FAE04EC0-301F-11D3-BF4B-00C04F79EFBC}") = "SendVideoOverTcpLib", "SendVideoOverTCPLib\SendVideoOverTcpLib.csproj", "{F0537CD1-F6F2-4219-A154-843D71F26E0A}"
EndProject
Project("{FAE04EC0-301F-11D3-BF4B-00C04F79EFBC}") = "GetVideoService", "GetVideoService\GetVideoService.csproj", "{B8E3C9D2-4A1B-4E5F-9C7A-2D8F6E4B3A5C}"
EndProject
Project("{FAE04EC0-301F-11D3-BF4B-00C04F79EFBC}") = "GetVideoInAppWPF", "GetVideoInAppWPF\GetVideoInAppWPF.csproj", "{0DFD2E06-2AC6-FF1D-37A2-53F52533BAAB}"
EndProject
Project("{FAE04EC0-301F-11D3-BF4B-00C04F79EFBC}") = "GetVideoConsoleApp", "GetVideoConsoleApp\GetVideoConsoleApp.csproj", "{31A82914-6428-4385-0461-FBA555D2C077}"
EndProject
Project("{FAE04EC0-301F-11D3-BF4B-00C04F79EFBC}") = "GetVideoViaSvcWPF", "GetVideoViaSvcWPF\GetVideoViaSvcWPF.csproj", "{05A7BA29-3EC0-7D37-F1F7-4BD8F9CA528B}"
EndProject
Project("{2150E333-8FDC-42A3-9474-1A3956D46DE8}") = "Solution Items", "Solution Items", "{8EC462FD-D22E-90A8-E5CE-7E832BA40C5D}"
	ProjectSection(SolutionItems) = preProject
		DEPLOYMENT_GUIDE.md = DEPLOYMENT_GUIDE.md
		InstallService.bat = InstallService.bat
		README.md = README.md
		SERVICE_README.md = SERVICE_README.md
		TEST_MATRIX.md = TEST_MATRIX.md
	EndProjectSection
EndProject
Project("{FAE04EC0-301F-11D3-BF4B-00C04F79EFBC}") = "GetVideoLib", "GetVideoLib\GetVideoLib.csproj", "{591FC372-1DA1-FE31-67A4-717B928764B1}"
EndProject
Project("{FAE04EC0-301F-11D3-BF4B-00C04F79EFBC}") = "GetVideoWPFLib", "GetVideoWPFLib\GetVideoWPFLib.csproj", "{A8B7C429-6D31-4E5F-B8A2-9C7F3E5D8D1E}"
EndProject
Project("{FAE04EC0-301F-11D3-BF4B-00C04F79EFBC}") = "GetVideoWPFLibSample", "GetVideoWPFLibSample\GetVideoWPFLibSample.csproj", "{B9C8D631-F2A4-4E7C-9D3B-8F1A6E2D5F7E}"
EndProject
Global
	GlobalSection(SolutionConfigurationPlatforms) = preSolution
		Debug|Any CPU = Debug|Any CPU
		Release|Any CPU = Release|Any CPU
	EndGlobalSection
	GlobalSection(ProjectConfigurationPlatforms) = postSolution
		{47CC5D39-9CDB-457D-B984-999708F33EB6}.Debug|Any CPU.ActiveCfg = Debug|Any CPU
		{47CC5D39-9CDB-457D-B984-999708F33EB6}.Debug|Any CPU.Build.0 = Debug|Any CPU
		{47CC5D39-9CDB-457D-B984-999708F33EB6}.Debug|Any CPU.Deploy.0 = Debug|Any CPU
		{47CC5D39-9CDB-457D-B984-999708F33EB6}.Release|Any CPU.ActiveCfg = Release|Any CPU
		{47CC5D39-9CDB-457D-B984-999708F33EB6}.Release|Any CPU.Build.0 = Release|Any CPU
		{CAC8538C-EAC7-45B5-A24B-6661EC390249}.Debug|Any CPU.ActiveCfg = Debug|Any CPU
		{CAC8538C-EAC7-45B5-A24B-6661EC390249}.Debug|Any CPU.Build.0 = Debug|Any CPU
		{CAC8538C-EAC7-45B5-A24B-6661EC390249}.Release|Any CPU.ActiveCfg = Release|Any CPU
		{CAC8538C-EAC7-45B5-A24B-6661EC390249}.Release|Any CPU.Build.0 = Release|Any CPU
		{F0537CD1-F6F2-4219-A154-843D71F26E0A}.Debug|Any CPU.ActiveCfg = Debug|Any CPU
		{F0537CD1-F6F2-4219-A154-843D71F26E0A}.Debug|Any CPU.Build.0 = Debug|Any CPU
		{F0537CD1-F6F2-4219-A154-843D71F26E0A}.Release|Any CPU.ActiveCfg = Release|Any CPU
		{F0537CD1-F6F2-4219-A154-843D71F26E0A}.Release|Any CPU.Build.0 = Release|Any CPU
		{B8E3C9D2-4A1B-4E5F-9C7A-2D8F6E4B3A5C}.Debug|Any CPU.ActiveCfg = Debug|Any CPU
		{B8E3C9D2-4A1B-4E5F-9C7A-2D8F6E4B3A5C}.Debug|Any CPU.Build.0 = Debug|Any CPU
		{B8E3C9D2-4A1B-4E5F-9C7A-2D8F6E4B3A5C}.Release|Any CPU.ActiveCfg = Release|Any CPU
		{B8E3C9D2-4A1B-4E5F-9C7A-2D8F6E4B3A5C}.Release|Any CPU.Build.0 = Release|Any CPU
		{0DFD2E06-2AC6-FF1D-37A2-53F52533BAAB}.Debug|Any CPU.ActiveCfg = Debug|Any CPU
		{0DFD2E06-2AC6-FF1D-37A2-53F52533BAAB}.Debug|Any CPU.Build.0 = Debug|Any CPU
		{0DFD2E06-2AC6-FF1D-37A2-53F52533BAAB}.Release|Any CPU.ActiveCfg = Release|Any CPU
		{0DFD2E06-2AC6-FF1D-37A2-53F52533BAAB}.Release|Any CPU.Build.0 = Release|Any CPU
		{31A82914-6428-4385-0461-FBA555D2C077}.Debug|Any CPU.ActiveCfg = Debug|Any CPU
		{31A82914-6428-4385-0461-FBA555D2C077}.Debug|Any CPU.Build.0 = Debug|Any CPU
		{31A82914-6428-4385-0461-FBA555D2C077}.Release|Any CPU.ActiveCfg = Release|Any CPU
		{31A82914-6428-4385-0461-FBA555D2C077}.Release|Any CPU.Build.0 = Release|Any CPU
		{05A7BA29-3EC0-7D37-F1F7-4BD8F9CA528B}.Debug|Any CPU.ActiveCfg = Debug|Any CPU
		{05A7BA29-3EC0-7D37-F1F7-4BD8F9CA528B}.Debug|Any CPU.Build.0 = Debug|Any CPU
		{05A7BA29-3EC0-7D37-F1F7-4BD8F9CA528B}.Release|Any CPU.ActiveCfg = Release|Any CPU
		{05A7BA29-3EC0-7D37-F1F7-4BD8F9CA528B}.Release|Any CPU.Build.0 = Release|Any CPU
		{591FC372-1DA1-FE31-67A4-717B928764B1}.Debug|Any CPU.ActiveCfg = Debug|Any CPU
		{591FC372-1DA1-FE31-67A4-717B928764B1}.Debug|Any CPU.Build.0 = Debug|Any CPU
		{591FC372-1DA1-FE31-67A4-717B928764B1}.Release|Any CPU.ActiveCfg = Release|Any CPU
		{591FC372-1DA1-FE31-67A4-717B928764B1}.Release|Any CPU.Build.0 = Release|Any CPU
		{A8B7C429-6D31-4E5F-B8A2-9C7F3E5D8D1E}.Debug|Any CPU.ActiveCfg = Debug|Any CPU
		{A8B7C429-6D31-4E5F-B8A2-9C7F3E5D8D1E}.Debug|Any CPU.Build.0 = Debug|Any CPU
		{A8B7C429-6D31-4E5F-B8A2-9C7F3E5D8D1E}.Release|Any CPU.ActiveCfg = Release|Any CPU
		{A8B7C429-6D31-4E5F-B8A2-9C7F3E5D8D1E}.Release|Any CPU.Build.0 = Release|Any CPU
		{B9C8D631-F2A4-4E7C-9D3B-8F1A6E2D5F7E}.Debug|Any CPU.ActiveCfg = Debug|Any CPU
		{B9C8D631-F2A4-4E7C-9D3B-8F1A6E2D5F7E}.Debug|Any CPU.Build.0 = Debug|Any CPU
		{B9C8D631-F2A4-4E7C-9D3B-8F1A6E2D5F7E}.Release|Any CPU.ActiveCfg = Release|Any CPU
		{B9C8D631-F2A4-4E7C-9D3B-8F1A6E2D5F7E}.Release|Any CPU.Build.0 = Release|Any CPU
	EndGlobalSection
	GlobalSection(SolutionProperties) = preSolution
		HideSolutionNode = FALSE
	EndGlobalSection
	GlobalSection(ExtensibilityGlobals) = postSolution
		SolutionGuid = {7F2B097F-8DAE-4E6F-9A6D-FDCA42324B99}
	EndGlobalSection
EndGlobal
