
Microsoft Visual Studio Solution File, Format Version 12.00
# Visual Studio Version 17
VisualStudioVersion = 17.13.35825.156
MinimumVisualStudioVersion = 10.0.40219.1
Project("{FAE04EC0-301F-11D3-BF4B-00C04F79EFBC}") = "GetVideo", "GetVideo.csproj", "{29272120-100D-4C8B-8A72-54570409CFAE}"
EndProject
Project("{FAE04EC0-301F-11D3-BF4B-00C04F79EFBC}") = "SendVideo", "..\SendVideo\SendVideo.csproj", "{47CC5D39-9CDB-457D-B984-999708F33EB6}"
EndProject
Project("{FAE04EC0-301F-11D3-BF4B-00C04F79EFBC}") = "DownloadVideoOverTcpLib", "..\DownloadVideoOverTCPLib\DownloadVideoOverTcpLib.csproj", "{CAC8538C-EAC7-45B5-A24B-6661EC390249}"
EndProject
Project("{FAE04EC0-301F-11D3-BF4B-00C04F79EFBC}") = "SendVideoOverTcpLib", "..\SendVideoOverTCPLib\SendVideoOverTcpLib.csproj", "{F0537CD1-F6F2-4219-A154-843D71F26E0A}"
EndProject
Global
	GlobalSection(SolutionConfigurationPlatforms) = preSolution
		Debug|Any CPU = Debug|Any CPU
		Release|Any CPU = Release|Any CPU
	EndGlobalSection
	GlobalSection(ProjectConfigurationPlatforms) = postSolution
		{29272120-100D-4C8B-8A72-54570409CFAE}.Debug|Any CPU.ActiveCfg = Debug|Any CPU
		{29272120-100D-4C8B-8A72-54570409CFAE}.Debug|Any CPU.Build.0 = Debug|Any CPU
		{29272120-100D-4C8B-8A72-54570409CFAE}.Release|Any CPU.ActiveCfg = Release|Any CPU
		{29272120-100D-4C8B-8A72-54570409CFAE}.Release|Any CPU.Build.0 = Release|Any CPU
		{47CC5D39-9CDB-457D-B984-999708F33EB6}.Debug|Any CPU.ActiveCfg = Debug|Any CPU
		{47CC5D39-9CDB-457D-B984-999708F33EB6}.Debug|Any CPU.Build.0 = Debug|Any CPU
		{47CC5D39-9CDB-457D-B984-999708F33EB6}.Debug|Any CPU.Deploy.0 = Debug|Any CPU
		{47CC5D39-9CDB-457D-B984-999708F33EB6}.Release|Any CPU.ActiveCfg = Release|Any CPU
		{47CC5D39-9CDB-457D-B984-999708F33EB6}.Release|Any CPU.Build.0 = Release|Any CPU
		{CAC8538C-EAC7-45B5-A24B-6661EC390249}.Debug|Any CPU.ActiveCfg = Debug|Any CPU
		{CAC8538C-EAC7-45B5-A24B-6661EC390249}.Debug|Any CPU.Build.0 = Debug|Any CPU
		{CAC8538C-EAC7-45B5-A24B-6661EC390249}.Release|Any CPU.ActiveCfg = Release|Any CPU
		{CAC8538C-EAC7-45B5-A24B-6661EC390249}.Release|Any CPU.Build.0 = Release|Any CPU
		{F0537CD1-F6F2-4219-A154-843D71F26E0A}.Debug|Any CPU.ActiveCfg = Debug|Any CPU
		{F0537CD1-F6F2-4219-A154-843D71F26E0A}.Debug|Any CPU.Build.0 = Debug|Any CPU
		{F0537CD1-F6F2-4219-A154-843D71F26E0A}.Release|Any CPU.ActiveCfg = Release|Any CPU
		{F0537CD1-F6F2-4219-A154-843D71F26E0A}.Release|Any CPU.Build.0 = Release|Any CPU
	EndGlobalSection
	GlobalSection(SolutionProperties) = preSolution
		HideSolutionNode = FALSE
	EndGlobalSection
	GlobalSection(ExtensibilityGlobals) = postSolution
		SolutionGuid = {22932F05-0061-4733-8B90-32FCF6557AED}
	EndGlobalSection
EndGlobal
